// !$*UTF8*$!
{
	archiveVersion = 1;
	classes = {
	};
	objectVersion = 46;
	objects = {

/* Begin PBXBuildFile section */
		BB68C7761E695DFD007B793A /* ForgotPasswordViewController.swift in Sources */ = {isa = PBXBuildFile; fileRef = BB68C7751E695DFD007B793A /* ForgotPasswordViewController.swift */; };
		BB9693961E61EC9400F56242 /* AppDelegate.swift in Sources */ = {isa = PBXBuildFile; fileRef = BB9693951E61EC9400F56242 /* AppDelegate.swift */; };
		BB9693981E61EC9400F56242 /* LoginViewController.swift in Sources */ = {isa = PBXBuildFile; fileRef = BB9693971E61EC9400F56242 /* LoginViewController.swift */; };
		BB96939B1E61EC9400F56242 /* Main.storyboard in Resources */ = {isa = PBXBuildFile; fileRef = BB9693991E61EC9400F56242 /* Main.storyboard */; };
		BB96939D1E61EC9400F56242 /* Assets.xcassets in Resources */ = {isa = PBXBuildFile; fileRef = BB96939C1E61EC9400F56242 /* Assets.xcassets */; };
		BB9693A01E61EC9400F56242 /* LaunchScreen.storyboard in Resources */ = {isa = PBXBuildFile; fileRef = BB96939E1E61EC9400F56242 /* LaunchScreen.storyboard */; };
		DC5735891E6D3F0C00009053 /* DashboardViewController.swift in Sources */ = {isa = PBXBuildFile; fileRef = DC5735881E6D3F0C00009053 /* DashboardViewController.swift */; };
		DCF70DD31E697A4D00EEF8E8 /* NewRegistrationViewController.swift in Sources */ = {isa = PBXBuildFile; fileRef = DCF70DD21E697A4D00EEF8E8 /* NewRegistrationViewController.swift */; };
/* End PBXBuildFile section */

/* Begin PBXFileReference section */
		BB68C7751E695DFD007B793A /* ForgotPasswordViewController.swift */ = {isa = PBXFileReference; fileEncoding = 4; lastKnownFileType = sourcecode.swift; path = ForgotPasswordViewController.swift; sourceTree = "<group>"; };
		BB9693921E61EC9400F56242 /* KindSouls.app */ = {isa = PBXFileReference; explicitFileType = wrapper.application; includeInIndex = 0; path = KindSouls.app; sourceTree = BUILT_PRODUCTS_DIR; };
		BB9693951E61EC9400F56242 /* AppDelegate.swift */ = {isa = PBXFileReference; lastKnownFileType = sourcecode.swift; path = AppDelegate.swift; sourceTree = "<group>"; };
		BB9693971E61EC9400F56242 /* LoginViewController.swift */ = {isa = PBXFileReference; lastKnownFileType = sourcecode.swift; name = LoginViewController.swift; path = ../../LoginViewController.swift; sourceTree = "<group>"; };
		BB96939A1E61EC9400F56242 /* Base */ = {isa = PBXFileReference; lastKnownFileType = file.storyboard; name = Base; path = Base.lproj/Main.storyboard; sourceTree = "<group>"; };
		BB96939C1E61EC9400F56242 /* Assets.xcassets */ = {isa = PBXFileReference; lastKnownFileType = folder.assetcatalog; path = Assets.xcassets; sourceTree = "<group>"; };
		BB96939F1E61EC9400F56242 /* Base */ = {isa = PBXFileReference; lastKnownFileType = file.storyboard; name = Base; path = Base.lproj/LaunchScreen.storyboard; sourceTree = "<group>"; };
		BB9693A11E61EC9400F56242 /* Info.plist */ = {isa = PBXFileReference; lastKnownFileType = text.plist.xml; path = Info.plist; sourceTree = "<group>"; };
		DC5735881E6D3F0C00009053 /* DashboardViewController.swift */ = {isa = PBXFileReference; fileEncoding = 4; lastKnownFileType = sourcecode.swift; path = DashboardViewController.swift; sourceTree = "<group>"; };
		DCF70DD21E697A4D00EEF8E8 /* NewRegistrationViewController.swift */ = {isa = PBXFileReference; fileEncoding = 4; lastKnownFileType = sourcecode.swift; path = NewRegistrationViewController.swift; sourceTree = "<group>"; };
/* End PBXFileReference section */

/* Begin PBXFrameworksBuildPhase section */
		BB96938F1E61EC9400F56242 /* Frameworks */ = {
			isa = PBXFrameworksBuildPhase;
			buildActionMask = 2147483647;
			files = (
			);
			runOnlyForDeploymentPostprocessing = 0;
		};
/* End PBXFrameworksBuildPhase section */

/* Begin PBXGroup section */
		BB68C7741E695DE2007B793A /* CommonClass */ = {
			isa = PBXGroup;
			children = (
				BB9693971E61EC9400F56242 /* LoginViewController.swift */,
				BB68C7751E695DFD007B793A /* ForgotPasswordViewController.swift */,
				DCF70DD21E697A4D00EEF8E8 /* NewRegistrationViewController.swift */,
			);
			path = CommonClass;
			sourceTree = "<group>";
		};
		BB9693891E61EC9400F56242 = {
			isa = PBXGroup;
			children = (
				BB9693941E61EC9400F56242 /* KindSouls */,
				BB9693931E61EC9400F56242 /* Products */,
			);
			sourceTree = "<group>";
		};
		BB9693931E61EC9400F56242 /* Products */ = {
			isa = PBXGroup;
			children = (
				BB9693921E61EC9400F56242 /* KindSouls.app */,
			);
			name = Products;
			sourceTree = "<group>";
		};
		BB9693941E61EC9400F56242 /* KindSouls */ = {
			isa = PBXGroup;
			children = (
				BB9693951E61EC9400F56242 /* AppDelegate.swift */,
				BB9693A71E61F02C00F56242 /* Constants */,
				BB9693A81E61F02C00F56242 /* Models */,
				BB9693A91E61F02C00F56242 /* Utility */,
				BB9693AA1E61F02C00F56242 /* ViewControllers */,
				BB9693AB1E61F02C00F56242 /* WebserviceManager */,
				BB9693991E61EC9400F56242 /* Main.storyboard */,
				BB96939C1E61EC9400F56242 /* Assets.xcassets */,
				BB96939E1E61EC9400F56242 /* LaunchScreen.storyboard */,
				BB9693A11E61EC9400F56242 /* Info.plist */,
			);
			path = KindSouls;
			sourceTree = "<group>";
		};
		BB9693A71E61F02C00F56242 /* Constants */ = {
			isa = PBXGroup;
			children = (
			);
			path = Constants;
			sourceTree = "<group>";
		};
		BB9693A81E61F02C00F56242 /* Models */ = {
			isa = PBXGroup;
			children = (
			);
			path = Models;
			sourceTree = "<group>";
		};
		BB9693A91E61F02C00F56242 /* Utility */ = {
			isa = PBXGroup;
			children = (
			);
			path = Utility;
			sourceTree = "<group>";
		};
		BB9693AA1E61F02C00F56242 /* ViewControllers */ = {
			isa = PBXGroup;
			children = (
				DC5735851E6D3EBF00009053 /* Volunteer */,
				BB68C7741E695DE2007B793A /* CommonClass */,
			);
			path = ViewControllers;
			sourceTree = "<group>";
		};
		BB9693AB1E61F02C00F56242 /* WebserviceManager */ = {
			isa = PBXGroup;
			children = (
			);
			path = WebserviceManager;
			sourceTree = "<group>";
		};
		DC5735851E6D3EBF00009053 /* Volunteer */ = {
			isa = PBXGroup;
			children = (
				DC5735881E6D3F0C00009053 /* DashboardViewController.swift */,
			);
			path = Volunteer;
			sourceTree = SOURCE_ROOT;
		};
/* End PBXGroup section */

/* Begin PBXNativeTarget section */
		BB9693911E61EC9400F56242 /* KindSouls */ = {
			isa = PBXNativeTarget;
			buildConfigurationList = BB9693A41E61EC9400F56242 /* Build configuration list for PBXNativeTarget "KindSouls" */;
			buildPhases = (
				BB96938E1E61EC9400F56242 /* Sources */,
				BB96938F1E61EC9400F56242 /* Frameworks */,
				BB9693901E61EC9400F56242 /* Resources */,
			);
			buildRules = (
			);
			dependencies = (
			);
			name = KindSouls;
			productName = KindSouls;
			productReference = BB9693921E61EC9400F56242 /* KindSouls.app */;
			productType = "com.apple.product-type.application";
		};
/* End PBXNativeTarget section */

/* Begin PBXProject section */
		BB96938A1E61EC9400F56242 /* Project object */ = {
			isa = PBXProject;
			attributes = {
				LastSwiftUpdateCheck = 0820;
				LastUpgradeCheck = 0820;
				ORGANIZATIONNAME = Mohit;
				TargetAttributes = {
					BB9693911E61EC9400F56242 = {
						CreatedOnToolsVersion = 8.2.1;
						DevelopmentTeam = S9PF62PH5D;
						ProvisioningStyle = Automatic;
					};
				};
			};
			buildConfigurationList = BB96938D1E61EC9400F56242 /* Build configuration list for PBXProject "KindSouls" */;
			compatibilityVersion = "Xcode 3.2";
			developmentRegion = English;
			hasScannedForEncodings = 0;
			knownRegions = (
				en,
				Base,
			);
			mainGroup = BB9693891E61EC9400F56242;
			productRefGroup = BB9693931E61EC9400F56242 /* Products */;
			projectDirPath = "";
			projectRoot = "";
			targets = (
				BB9693911E61EC9400F56242 /* KindSouls */,
			);
		};
/* End PBXProject section */

/* Begin PBXResourcesBuildPhase section */
		BB9693901E61EC9400F56242 /* Resources */ = {
			isa = PBXResourcesBuildPhase;
			buildActionMask = 2147483647;
			files = (
				BB9693A01E61EC9400F56242 /* LaunchScreen.storyboard in Resources */,
				BB96939D1E61EC9400F56242 /* Assets.xcassets in Resources */,
				BB96939B1E61EC9400F56242 /* Main.storyboard in Resources */,
			);
			runOnlyForDeploymentPostprocessing = 0;
		};
/* End PBXResourcesBuildPhase section */

/* Begin PBXSourcesBuildPhase section */
		BB96938E1E61EC9400F56242 /* Sources */ = {
			isa = PBXSourcesBuildPhase;
			buildActionMask = 2147483647;
			files = (
				BB9693981E61EC9400F56242 /* LoginViewController.swift in Sources */,
				BB9693961E61EC9400F56242 /* AppDelegate.swift in Sources */,
				DC5735891E6D3F0C00009053 /* DashboardViewController.swift in Sources */,
				DCF70DD31E697A4D00EEF8E8 /* NewRegistrationViewController.swift in Sources */,
				BB68C7761E695DFD007B793A /* ForgotPasswordViewController.swift in Sources */,
			);
			runOnlyForDeploymentPostprocessing = 0;
		};
/* End PBXSourcesBuildPhase section */

/* Begin PBXVariantGroup section */
		BB9693991E61EC9400F56242 /* Main.storyboard */ = {
			isa = PBXVariantGroup;
			children = (
				BB96939A1E61EC9400F56242 /* Base */,
			);
			name = Main.storyboard;
			sourceTree = "<group>";
		};
		BB96939E1E61EC9400F56242 /* LaunchScreen.storyboard */ = {
			isa = PBXVariantGroup;
			children = (
				BB96939F1E61EC9400F56242 /* Base */,
			);
			name = LaunchScreen.storyboard;
			sourceTree = "<group>";
		};
/* End PBXVariantGroup section */

/* Begin XCBuildConfiguration section */
		BB9693A21E61EC9400F56242 /* Debug */ = {
			isa = XCBuildConfiguration;
			buildSettings = {
				ALWAYS_SEARCH_USER_PATHS = NO;
				CLANG_ANALYZER_NONNULL = YES;
				CLANG_CXX_LANGUAGE_STANDARD = "gnu++0x";
				CLANG_CXX_LIBRARY = "libc++";
				CLANG_ENABLE_MODULES = YES;
				CLANG_ENABLE_OBJC_ARC = YES;
				CLANG_WARN_BOOL_CONVERSION = YES;
				CLANG_WARN_CONSTANT_CONVERSION = YES;
				CLANG_WARN_DIRECT_OBJC_ISA_USAGE = YES_ERROR;
				CLANG_WARN_DOCUMENTATION_COMMENTS = YES;
				CLANG_WARN_EMPTY_BODY = YES;
				CLANG_WARN_ENUM_CONVERSION = YES;
				CLANG_WARN_INFINITE_RECURSION = YES;
				CLANG_WARN_INT_CONVERSION = YES;
				CLANG_WARN_OBJC_ROOT_CLASS = YES_ERROR;
				CLANG_WARN_SUSPICIOUS_MOVE = YES;
				CLANG_WARN_UNREACHABLE_CODE = YES;
				CLANG_WARN__DUPLICATE_METHOD_MATCH = YES;
				"CODE_SIGN_IDENTITY[sdk=iphoneos*]" = "iPhone Developer";
				COPY_PHASE_STRIP = NO;
				DEBUG_INFORMATION_FORMAT = dwarf;
				ENABLE_STRICT_OBJC_MSGSEND = YES;
				ENABLE_TESTABILITY = YES;
				GCC_C_LANGUAGE_STANDARD = gnu99;
				GCC_DYNAMIC_NO_PIC = NO;
				GCC_NO_COMMON_BLOCKS = YES;
				GCC_OPTIMIZATION_LEVEL = 0;
				GCC_PREPROCESSOR_DEFINITIONS = (
					"DEBUG=1",
					"$(inherited)",
				);
				GCC_WARN_64_TO_32_BIT_CONVERSION = YES;
				GCC_WARN_ABOUT_RETURN_TYPE = YES_ERROR;
				GCC_WARN_UNDECLARED_SELECTOR = YES;
				GCC_WARN_UNINITIALIZED_AUTOS = YES_AGGRESSIVE;
				GCC_WARN_UNUSED_FUNCTION = YES;
				GCC_WARN_UNUSED_VARIABLE = YES;
				IPHONEOS_DEPLOYMENT_TARGET = 10.2;
				MTL_ENABLE_DEBUG_INFO = YES;
				ONLY_ACTIVE_ARCH = YES;
				SDKROOT = iphoneos;
				SWIFT_ACTIVE_COMPILATION_CONDITIONS = DEBUG;
				SWIFT_OPTIMIZATION_LEVEL = "-Onone";
			};
			name = Debug;
		};
		BB9693A31E61EC9400F56242 /* Release */ = {
			isa = XCBuildConfiguration;
			buildSettings = {
				ALWAYS_SEARCH_USER_PATHS = NO;
				CLANG_ANALYZER_NONNULL = YES;
				CLANG_CXX_LANGUAGE_STANDARD = "gnu++0x";
				CLANG_CXX_LIBRARY = "libc++";
				CLANG_ENABLE_MODULES = YES;
				CLANG_ENABLE_OBJC_ARC = YES;
				CLANG_WARN_BOOL_CONVERSION = YES;
				CLANG_WARN_CONSTANT_CONVERSION = YES;
				CLANG_WARN_DIRECT_OBJC_ISA_USAGE = YES_ERROR;
				CLANG_WARN_DOCUMENTATION_COMMENTS = YES;
				CLANG_WARN_EMPTY_BODY = YES;
				CLANG_WARN_ENUM_CONVERSION = YES;
				CLANG_WARN_INFINITE_RECURSION = YES;
				CLANG_WARN_INT_CONVERSION = YES;
				CLANG_WARN_OBJC_ROOT_CLASS = YES_ERROR;
				CLANG_WARN_SUSPICIOUS_MOVE = YES;
				CLANG_WARN_UNREACHABLE_CODE = YES;
				CLANG_WARN__DUPLICATE_METHOD_MATCH = YES;
				"CODE_SIGN_IDENTITY[sdk=iphoneos*]" = "iPhone Developer";
				COPY_PHASE_STRIP = NO;
				DEBUG_INFORMATION_FORMAT = "dwarf-with-dsym";
				ENABLE_NS_ASSERTIONS = NO;
				ENABLE_STRICT_OBJC_MSGSEND = YES;
				GCC_C_LANGUAGE_STANDARD = gnu99;
				GCC_NO_COMMON_BLOCKS = YES;
				GCC_WARN_64_TO_32_BIT_CONVERSION = YES;
				GCC_WARN_ABOUT_RETURN_TYPE = YES_ERROR;
				GCC_WARN_UNDECLARED_SELECTOR = YES;
				GCC_WARN_UNINITIALIZED_AUTOS = YES_AGGRESSIVE;
				GCC_WARN_UNUSED_FUNCTION = YES;
				GCC_WARN_UNUSED_VARIABLE = YES;
				IPHONEOS_DEPLOYMENT_TARGET = 10.2;
				MTL_ENABLE_DEBUG_INFO = NO;
				SDKROOT = iphoneos;
				SWIFT_OPTIMIZATION_LEVEL = "-Owholemodule";
				VALIDATE_PRODUCT = YES;
			};
			name = Release;
		};
		BB9693A51E61EC9400F56242 /* Debug */ = {
			isa = XCBuildConfiguration;
			buildSettings = {
				ASSETCATALOG_COMPILER_APPICON_NAME = AppIcon;
				DEVELOPMENT_TEAM = S9PF62PH5D;
				INFOPLIST_FILE = KindSouls/Info.plist;
				LD_RUNPATH_SEARCH_PATHS = "$(inherited) @executable_path/Frameworks";
				PRODUCT_BUNDLE_IDENTIFIER = com.kindSouls.KindSouls;
				PRODUCT_NAME = "$(TARGET_NAME)";
				SWIFT_VERSION = 3.0;
			};
			name = Debug;
		};
		BB9693A61E61EC9400F56242 /* Release */ = {
			isa = XCBuildConfiguration;
			buildSettings = {
				ASSETCATALOG_COMPILER_APPICON_NAME = AppIcon;
				DEVELOPMENT_TEAM = S9PF62PH5D;
				INFOPLIST_FILE = KindSouls/Info.plist;
				LD_RUNPATH_SEARCH_PATHS = "$(inherited) @executable_path/Frameworks";
				PRODUCT_BUNDLE_IDENTIFIER = com.kindSouls.KindSouls;
				PRODUCT_NAME = "$(TARGET_NAME)";
				SWIFT_VERSION = 3.0;
			};
			name = Release;
		};
/* End XCBuildConfiguration section */

/* Begin XCConfigurationList section */
		BB96938D1E61EC9400F56242 /* Build configuration list for PBXProject "KindSouls" */ = {
			isa = XCConfigurationList;
			buildConfigurations = (
				BB9693A21E61EC9400F56242 /* Debug */,
				BB9693A31E61EC9400F56242 /* Release */,
			);
			defaultConfigurationIsVisible = 0;
			defaultConfigurationName = Release;
		};
		BB9693A41E61EC9400F56242 /* Build configuration list for PBXNativeTarget "KindSouls" */ = {
			isa = XCConfigurationList;
			buildConfigurations = (
				BB9693A51E61EC9400F56242 /* Debug */,
				BB9693A61E61EC9400F56242 /* Release */,
			);
			defaultConfigurationIsVisible = 0;
			defaultConfigurationName = Release;
		};
/* End XCConfigurationList section */
	};
	rootObject = BB96938A1E61EC9400F56242 /* Project object */;
}
